<?xml version="1.0" encoding="utf-8"?>
<Project ToolsVersion="4.0" xmlns="http://schemas.microsoft.com/developer/msbuild/2003">
  <ItemGroup>
    <Filter Include="Source Files">
      <UniqueIdentifier>{4FC737F1-C7A5-4376-A066-2A32D752A2FF}</UniqueIdentifier>
      <Extensions>cpp;c;cc;cxx;def;odl;idl;hpj;bat;asm;asmx</Extensions>
    </Filter>
    <Filter Include="Header Files">
      <UniqueIdentifier>{93995380-89BD-4b04-88EB-625FBE52EBFB}</UniqueIdentifier>
      <Extensions>h;hpp;hxx;hm;inl;inc;xsd</Extensions>
    </Filter>
    <Filter Include="Resource Files">
      <UniqueIdentifier>{67DA6AB6-F800-4c08-8B7A-83BB121AAD01}</UniqueIdentifier>
      <Extensions>rc;ico;cur;bmp;dlg;rc2;rct;bin;rgs;gif;jpg;jpeg;jpe;resx;tiff;tif;png;wav</Extensions>
    </Filter>
    <Filter Include="Header Files\AkelPad">
      <UniqueIdentifier>{f6074da1-ff53-4805-b488-3bdba870c771}</UniqueIdentifier>
    </Filter>
  </ItemGroup>
  <ItemGroup>
    <ClCompile Include="QSearch\DialogSwitcher.c">
      <Filter>Source Files</Filter>
    </ClCompile>
    <ClCompile Include="QSearch\QSearch.c">
      <Filter>Source Files</Filter>
    </ClCompile>
    <ClCompile Include="QSearch\QSearchDlg.c">
      <Filter>Source Files</Filter>
    </ClCompile>
    <ClCompile Include="QSearch\QSearchFindEx.c">
      <Filter>Source Files</Filter>
    </ClCompile>
    <ClCompile Include="QSearch\QSearchLng.c">
      <Filter>Source Files</Filter>
    </ClCompile>
    <ClCompile Include="QSearch\QSearchSettDlg.c">
      <Filter>Source Files</Filter>
    </ClCompile>
    <ClCompile Include="QSearch\XMemStrFunc.c">
      <Filter>Source Files</Filter>
    </ClCompile>
  </ItemGroup>
  <ItemGroup>
    <ClInclude Include="QSearch\AkelDllHeader.h">
      <Filter>Header Files</Filter>
    </ClInclude>
    <ClInclude Include="QSearch\DialogSwitcher.h">
      <Filter>Header Files</Filter>
    </ClInclude>
    <ClInclude Include="QSearch\QSearch.h">
      <Filter>Header Files</Filter>
    </ClInclude>
    <ClInclude Include="QSearch\QSearch_defs.h">
      <Filter>Header Files</Filter>
    </ClInclude>
    <ClInclude Include="QSearch\QSearchDlg.h">
      <Filter>Header Files</Filter>
    </ClInclude>
    <ClInclude Include="QSearch\QSearchFindEx.h">
      <Filter>Header Files</Filter>
    </ClInclude>
    <ClInclude Include="QSearch\QSearchLng.h">
      <Filter>Header Files</Filter>
    </ClInclude>
    <ClInclude Include="QSearch\QSearchSettDlg.h">
      <Filter>Header Files</Filter>
    </ClInclude>
    <ClInclude Include="QSearch\resource.h">
      <Filter>Header Files</Filter>
    </ClInclude>
    <ClInclude Include="QSearch\XMemStrFunc.h">
      <Filter>Header Files</Filter>
    </ClInclude>
    <ClInclude Include="QSearch\AkelPad\AkelDLL.h">
      <Filter>Header Files\AkelPad</Filter>
    </ClInclude>
    <ClInclude Include="QSearch\AkelPad\AkelEdit.h">
      <Filter>Header Files\AkelPad</Filter>
    </ClInclude>
    <ClInclude Include="QSearch\AkelPad\RegExpFunc.h">
      <Filter>Header Files\AkelPad</Filter>
    </ClInclude>
  </ItemGroup>
  <ItemGroup>
    <ResourceCompile Include="QSearch\QSearch.rc">
      <Filter>Resource Files</Filter>
    </ResourceCompile>
  </ItemGroup>
</Project>